schema: '2.0'
stages:
  import-ml10m:
    cmd: lenskit data convert --movielens ml-10m.zip ml-10m
    deps:
    - path: ml-10m.zip
      hash: md5
      md5: ce571fd55effeba0271552578f2648bd
      size: 65566137
    outs:
    - path: ml-10m
      hash: md5
      md5: efc25745848b1ef2124062bad797d036.dir
      size: 60793568
      nfiles: 5
  split-ml10m:
    cmd: lenskit data split --fraction 0.15 --min-train-interactions 1 ml-10m
    deps:
    - path: ml-10m
      hash: md5
      md5: efc25745848b1ef2124062bad797d036.dir
      size: 60793568
      nfiles: 5
    outs:
    - path: ml-10m.test.parquet
      hash: md5
      md5: c029dcfaee2651103afd6148d4984509
      size: 2404486
    - path: ml-10m.train
      hash: md5
      md5: 3fc770ca57afe8c62fe1f5c87a9e1c68.dir
      size: 50442061
      nfiles: 5
  generate@ml-10m-popular:
    cmd: python scripts/generate-recs.py popular ml-10m
    deps:
    - path: data/ml-10m.test.parquet
      hash: md5
      md5: c029dcfaee2651103afd6148d4984509
      size: 2404486
    - path: data/ml-10m.train
      hash: md5
      md5: 3fc770ca57afe8c62fe1f5c87a9e1c68.dir
      size: 50442061
      nfiles: 5
    - path: pipelines/popular.toml
      hash: md5
      md5: ed104618e25c8749e84674e64a05a706
      size: 108
    - path: scripts/generate-recs.py
      hash: md5
      md5: 5034844ad4817e4e766219af37409ed5
      size: 1830
      isexec: true
    params:
      lenskit.toml:
        random.seed: 20260928
    outs:
    - path: runs/ml-10m/popular.recs.parquet
      hash: md5
      md5: 065bc98c711c6a44e9c8d01fa51ae56a
      size: 52770
  generate@ml-10m-als:
    cmd: python scripts/generate-recs.py als ml-10m
    deps:
    - path: data/ml-10m.test.parquet
      hash: md5
      md5: c029dcfaee2651103afd6148d4984509
      size: 2404486
    - path: data/ml-10m.train
      hash: md5
      md5: 3fc770ca57afe8c62fe1f5c87a9e1c68.dir
      size: 50442061
      nfiles: 5
    - path: pipelines/als.toml
      hash: md5
      md5: a88f57edd1e5bf7c205d84122a47e94c
      size: 173
    - path: scripts/generate-recs.py
      hash: md5
      md5: 5034844ad4817e4e766219af37409ed5
      size: 1830
      isexec: true
    params:
      lenskit.toml:
        random.seed: 20260928
    outs:
    - path: runs/ml-10m/als.recs.parquet
      hash: md5
      md5: 69a5d301f4264c264ff2727e0108cd7d
      size: 225357
  generate@ml-10m-slim:
    cmd: python scripts/generate-recs.py slim ml-10m
    deps:
    - path: data/ml-10m.test.parquet
      hash: md5
      md5: c029dcfaee2651103afd6148d4984509
      size: 2404486
    - path: data/ml-10m.train
      hash: md5
      md5: 3fc770ca57afe8c62fe1f5c87a9e1c68.dir
      size: 50442061
      nfiles: 5
    - path: pipelines/slim.toml
      hash: md5
      md5: 9feb36ad1c1b7ec40b7363b043dc5295
      size: 147
    - path: scripts/generate-recs.py
      hash: md5
      md5: 5034844ad4817e4e766219af37409ed5
      size: 1830
      isexec: true
    params:
      lenskit.toml:
        random.seed: 20260928
    outs:
    - path: runs/ml-10m/slim.recs.parquet
      hash: md5
      md5: 04bf3f232eef968f06184a51a725b44f
      size: 223620
  report:
    cmd: jupytext --sync --execute EvalMetrics.md
    deps:
    - path: EvalMetrics.md
      hash: md5
      md5: 1330d5077c55ff5232e3a98bd95141b9
      size: 2674
    - path: runs/ml-10m
      hash: md5
      md5: 6feedae9fe113e5ddb7d942d91a88c9e.dir
      size: 501806
      nfiles: 4
    outs:
    - path: EvalMetrics.ipynb
      hash: md5
      md5: b7a4c7621290947236a1fdf30dcbefc1
      size: 83767
  report-html:
    cmd: jupyter nbconvert --to html EvalMetrics.ipynb
    deps:
    - path: EvalMetrics.ipynb
      hash: md5
      md5: b7a4c7621290947236a1fdf30dcbefc1
      size: 83767
    outs:
    - path: EvalMetrics.html
      hash: md5
      md5: 70e60f3ab0a160740e790fc61228c153
      size: 366271
