schema: '2.0'
stages:
  import-ml10m:
    cmd: lenskit data convert --movielens ml-10m.zip ml-10m
    deps:
    - path: ml-10m.zip
      hash: md5
      md5: ce571fd55effeba0271552578f2648bd
      size: 65566137
    outs:
    - path: ml-10m
      hash: md5
      md5: efc25745848b1ef2124062bad797d036.dir
      size: 60793568
      nfiles: 5
  split-ml10m:
    cmd: lenskit data split --fraction 0.15 --min-train-interactions 1 ml-10m
    deps:
    - path: ml-10m
      hash: md5
      md5: efc25745848b1ef2124062bad797d036.dir
      size: 60793568
      nfiles: 5
    outs:
    - path: ml-10m.test.parquet
      hash: md5
      md5: c029dcfaee2651103afd6148d4984509
      size: 2404486
    - path: ml-10m.train
      hash: md5
      md5: 3fc770ca57afe8c62fe1f5c87a9e1c68.dir
      size: 50442061
      nfiles: 5
  generate@ml-10m-popular:
    cmd: python scripts/generate-recs.py popular ml-10m
    deps:
    - path: data/ml-10m.test.parquet
      hash: md5
      md5: 00e7ba1fc72625029f6969e38b11498f
      size: 10995317
    - path: data/ml-10m.train
      hash: md5
      md5: 3fc770ca57afe8c62fe1f5c87a9e1c68.dir
      size: 50442061
      nfiles: 5
    - path: pipelines/popular.toml
      hash: md5
      md5: ed104618e25c8749e84674e64a05a706
      size: 108
    - path: scripts/generate-recs.py
      hash: md5
      md5: 5034844ad4817e4e766219af37409ed5
      size: 1830
      isexec: true
    params:
      lenskit.toml:
        random.seed: 20260928
    outs:
    - path: runs/ml-10m/popular.recs.parquet
      hash: md5
      md5: 87621b371df82e4fe80d8a7541736459
      size: 87970
  generate@ml-10m-als:
    cmd: python scripts/generate-recs.py als ml-10m
    deps:
    - path: data/ml-10m.test.parquet
      hash: md5
      md5: 00e7ba1fc72625029f6969e38b11498f
      size: 10995317
    - path: data/ml-10m.train
      hash: md5
      md5: 3fc770ca57afe8c62fe1f5c87a9e1c68.dir
      size: 50442061
      nfiles: 5
    - path: pipelines/als.toml
      hash: md5
      md5: a88f57edd1e5bf7c205d84122a47e94c
      size: 173
    - path: scripts/generate-recs.py
      hash: md5
      md5: 5034844ad4817e4e766219af37409ed5
      size: 1830
      isexec: true
    params:
      lenskit.toml:
        random.seed: 20260928
    outs:
    - path: runs/ml-10m/als.recs.parquet
      hash: md5
      md5: 62984c1dc4c30fcda55f68dad2e35f4c
      size: 267139
  generate@ml-10m-slim:
    cmd: python scripts/generate-recs.py slim ml-10m
    deps:
    - path: data/ml-10m.test.parquet
      hash: md5
      md5: 00e7ba1fc72625029f6969e38b11498f
      size: 10995317
    - path: data/ml-10m.train
      hash: md5
      md5: 3fc770ca57afe8c62fe1f5c87a9e1c68.dir
      size: 50442061
      nfiles: 5
    - path: pipelines/slim.toml
      hash: md5
      md5: 9feb36ad1c1b7ec40b7363b043dc5295
      size: 147
    - path: scripts/generate-recs.py
      hash: md5
      md5: 5034844ad4817e4e766219af37409ed5
      size: 1830
      isexec: true
    params:
      lenskit.toml:
        random.seed: 20260928
    outs:
    - path: runs/ml-10m/slim.recs.parquet
      hash: md5
      md5: a77bc9cf2b36fa8822a705bab5e35f6c
      size: 269887
  report:
    cmd: jupytext --sync --execute EvalMetrics.md
    deps:
    - path: EvalMetrics.md
      hash: md5
      md5: 056ac1798a2eb81ee474fcd3311b79e5
      size: 2625
    - path: runs/ml-10m
      hash: md5
      md5: eb213fa4b0bf893ac30aff587c976209.dir
      size: 625055
      nfiles: 4
    outs:
    - path: EvalMetrics.ipynb
      hash: md5
      md5: 9e2fb177ebabc9bf0bf146cb9eec5a9e
      size: 92518
  report-html:
    cmd: jupyter nbconvert --to html EvalMetrics.ipynb
    deps:
    - path: EvalMetrics.ipynb
      hash: md5
      md5: 9e2fb177ebabc9bf0bf146cb9eec5a9e
      size: 92518
    outs:
    - path: EvalMetrics.html
      hash: md5
      md5: daf302311fc8868cd779b233e520a4f0
      size: 374599
  split-ml10m-valid:
    cmd: lenskit data split --fraction 0.15 --min-train-interactions 1 -d
      tuning/ml-10m data/ml-10m.train
    deps:
    - path: data/ml-10m.train
      hash: md5
      md5: 3fc770ca57afe8c62fe1f5c87a9e1c68.dir
      size: 50442061
      nfiles: 5
    outs:
    - path: tuning/ml-10m/test.parquet
      hash: md5
      md5: e8a553908369078115d3e60d6c15e824
      size: 2370886
    - path: tuning/ml-10m/train
      hash: md5
      md5: 75498ed3256a70f20ba67821d5315a0b.dir
      size: 41323921
      nfiles: 5
  tune@ml-10m-als:
    cmd: lenskit tune -T tuning/ml-10m/train -V tuning/ml-10m/test.parquet
      --save-pipeline tuning/ml-10m/als.json pipelines/als-search.toml
      tuning/ml-10m/als
    deps:
    - path: pipelines/als-search.toml
      hash: md5
      md5: 57ac52e241f9d3c7c32abd8a9575f9ce
      size: 377
    - path: tuning/ml-10m/test.parquet
      hash: md5
      md5: e8a553908369078115d3e60d6c15e824
      size: 2370886
    - path: tuning/ml-10m/train
      hash: md5
      md5: 75498ed3256a70f20ba67821d5315a0b.dir
      size: 41323921
      nfiles: 5
    outs:
    - path: tuning/ml-10m/als
      hash: md5
      md5: 8cd7823d69bbe9dba37a28c267657e26.dir
      size: 257418
      nfiles: 10
    - path: tuning/ml-10m/als.json
      hash: md5
      md5: ceb41c2daafba573c9a76a486913d9b8
      size: 2053
